
Microsoft Visual Studio Solution File, Format Version 12.00
# Visual Studio Version 16
VisualStudioVersion = 16.0.30413.136
MinimumVisualStudioVersion = 10.0.40219.1
Project("{FAE04EC0-301F-11D3-BF4B-00C04F79EFBC}") = "Session03", "Session03\Session03.csproj", "{5F68B9F6-1E7C-4B49-A5F1-715C24A30439}"
EndProject
Global
	GlobalSection(SolutionConfigurationPlatforms) = preSolution
		Debug|Any CPU = Debug|Any CPU
		Release|Any CPU = Release|Any CPU
	EndGlobalSection
	GlobalSection(ProjectConfigurationPlatforms) = postSolution
		{5F68B9F6-1E7C-4B49-A5F1-715C24A30439}.Debug|Any CPU.ActiveCfg = Debug|Any CPU
		{5F68B9F6-1E7C-4B49-A5F1-715C24A30439}.Debug|Any CPU.Build.0 = Debug|Any CPU
		{5F68B9F6-1E7C-4B49-A5F1-715C24A30439}.Release|Any CPU.ActiveCfg = Release|Any CPU
		{5F68B9F6-1E7C-4B49-A5F1-715C24A30439}.Release|Any CPU.Build.0 = Release|Any CPU
	EndGlobalSection
	GlobalSection(SolutionProperties) = preSolution
		HideSolutionNode = FALSE
	EndGlobalSection
	GlobalSection(ExtensibilityGlobals) = postSolution
		SolutionGuid = {AE6D5DEC-568B-42AA-8490-048D7C362678}
	EndGlobalSection
EndGlobal
